{
  "name": "library-node",
  "version": "1.0.0",
  "lockfileVersion": 3,
  "requires": true,
  "packages": {
    "": {
      "name": "library-node",
      "version": "1.0.0",
      "license": "ISC",
      "devDependencies": {
        "@mle4nbly/create-library": "^1.0.0"
      }
    },
    "node_modules/@mle4nbly/create-library": {
      "version": "1.0.0",
      "resolved": "https://npm.pkg.github.com/download/@mle4nbly/create-library/1.0.0/da2bc19e72a68205fa9643d20b1b623b444540d9",
      "integrity": "sha512-MkkLCZ4TZy7DqoHiZMAUTG/Nb0q8bnJmpj0XDsebX2CsPnP46xF9sEt4cfx4VviDH87t6Hlc+B/Lq1sfK/A0qQ==",
      "dev": true
    }
  }
}
